
Microsoft Visual Studio Solution File, Format Version 12.00
# Visual Studio 2012
Project("{FAE04EC0-301F-11D3-BF4B-00C04F79EFBC}") = "Parser", "Parser\Parser.csproj", "{8B1B31BD-242F-451F-82F3-9557FBC70AB8}"
EndProject
Project("{FAE04EC0-301F-11D3-BF4B-00C04F79EFBC}") = "Parser.Business", "Parser.Business\Parser.Business.csproj", "{938D3CCC-85FC-4C1E-9A35-901E383779AE}"
EndProject
Global
	GlobalSection(SolutionConfigurationPlatforms) = preSolution
		Debug|Any CPU = Debug|Any CPU
		Release|Any CPU = Release|Any CPU
	EndGlobalSection
	GlobalSection(ProjectConfigurationPlatforms) = postSolution
		{8B1B31BD-242F-451F-82F3-9557FBC70AB8}.Debug|Any CPU.ActiveCfg = Debug|Any CPU
		{8B1B31BD-242F-451F-82F3-9557FBC70AB8}.Debug|Any CPU.Build.0 = Debug|Any CPU
		{8B1B31BD-242F-451F-82F3-9557FBC70AB8}.Release|Any CPU.ActiveCfg = Release|Any CPU
		{8B1B31BD-242F-451F-82F3-9557FBC70AB8}.Release|Any CPU.Build.0 = Release|Any CPU
		{938D3CCC-85FC-4C1E-9A35-901E383779AE}.Debug|Any CPU.ActiveCfg = Debug|Any CPU
		{938D3CCC-85FC-4C1E-9A35-901E383779AE}.Debug|Any CPU.Build.0 = Debug|Any CPU
		{938D3CCC-85FC-4C1E-9A35-901E383779AE}.Release|Any CPU.ActiveCfg = Release|Any CPU
		{938D3CCC-85FC-4C1E-9A35-901E383779AE}.Release|Any CPU.Build.0 = Release|Any CPU
	EndGlobalSection
	GlobalSection(SolutionProperties) = preSolution
		HideSolutionNode = FALSE
	EndGlobalSection
EndGlobal
